// !$*UTF8*$!
{
	archiveVersion = 1;
	classes = {
	};
	objectVersion = 56;
	objects = {

/* Begin PBXBuildFile section */
		FC0759F22B9C5BF2002E0128 /* GradientBasic.swift in Sources */ = {isa = PBXBuildFile; fileRef = FC0759F12B9C5BF2002E0128 /* GradientBasic.swift */; };
		FC0759F42B9C5F21002E0128 /* IconBasic.swift in Sources */ = {isa = PBXBuildFile; fileRef = FC0759F32B9C5F21002E0128 /* IconBasic.swift */; };
		FC0759F62B9C6099002E0128 /* ImageBasic.swift in Sources */ = {isa = PBXBuildFile; fileRef = FC0759F52B9C6099002E0128 /* ImageBasic.swift */; };
		FC0759F82B9C619C002E0128 /* FrameBasic.swift in Sources */ = {isa = PBXBuildFile; fileRef = FC0759F72B9C619C002E0128 /* FrameBasic.swift */; };
		FC0759FA2B9C65FF002E0128 /* BackgroundOverlayBasic.swift in Sources */ = {isa = PBXBuildFile; fileRef = FC0759F92B9C65FF002E0128 /* BackgroundOverlayBasic.swift */; };
		FC0759FC2B9C8CD7002E0128 /* StackBasic.swift in Sources */ = {isa = PBXBuildFile; fileRef = FC0759FB2B9C8CD7002E0128 /* StackBasic.swift */; };
		FC0759FE2B9C9874002E0128 /* PaddingBasic.swift in Sources */ = {isa = PBXBuildFile; fileRef = FC0759FD2B9C9874002E0128 /* PaddingBasic.swift */; };
		FC075A002B9CBD7E002E0128 /* SpacerBasic.swift in Sources */ = {isa = PBXBuildFile; fileRef = FC0759FF2B9CBD7E002E0128 /* SpacerBasic.swift */; };
		FC075A022B9CBFC1002E0128 /* ScrollViewBasic.swift in Sources */ = {isa = PBXBuildFile; fileRef = FC075A012B9CBFC1002E0128 /* ScrollViewBasic.swift */; };
		FC075A042B9CC4E0002E0128 /* InitEnumBasic.swift in Sources */ = {isa = PBXBuildFile; fileRef = FC075A032B9CC4E0002E0128 /* InitEnumBasic.swift */; };
		FC075A062B9CC6EA002E0128 /* ForEachLoopBasic.swift in Sources */ = {isa = PBXBuildFile; fileRef = FC075A052B9CC6EA002E0128 /* ForEachLoopBasic.swift */; };
		FC075A082B9CC85B002E0128 /* LazyGridBasic.swift in Sources */ = {isa = PBXBuildFile; fileRef = FC075A072B9CC85B002E0128 /* LazyGridBasic.swift */; };
		FC075A0A2B9CD0E1002E0128 /* IgnoreSafeAreaBasic.swift in Sources */ = {isa = PBXBuildFile; fileRef = FC075A092B9CD0E1002E0128 /* IgnoreSafeAreaBasic.swift */; };
		FC075A0C2B9CD2A1002E0128 /* ButtonBasic.swift in Sources */ = {isa = PBXBuildFile; fileRef = FC075A0B2B9CD2A1002E0128 /* ButtonBasic.swift */; };
		FC6126532BA8361B00C49D53 /* StateBasic.swift in Sources */ = {isa = PBXBuildFile; fileRef = FC6126522BA8361B00C49D53 /* StateBasic.swift */; };
		FC6126552BA8363700C49D53 /* ExtractViewBasic.swift in Sources */ = {isa = PBXBuildFile; fileRef = FC6126542BA8363700C49D53 /* ExtractViewBasic.swift */; };
		FC6126572BA8367200C49D53 /* ExtractSubViewBasic.swift in Sources */ = {isa = PBXBuildFile; fileRef = FC6126562BA8367200C49D53 /* ExtractSubViewBasic.swift */; };
		FC61265A2BA8369C00C49D53 /* ItemBasic.swift in Sources */ = {isa = PBXBuildFile; fileRef = FC6126592BA8369C00C49D53 /* ItemBasic.swift */; };
		FC61265C2BA83AEA00C49D53 /* BindingBasic.swift in Sources */ = {isa = PBXBuildFile; fileRef = FC61265B2BA83AEA00C49D53 /* BindingBasic.swift */; };
		FC61265E2BA83BBF00C49D53 /* BindingChild.swift in Sources */ = {isa = PBXBuildFile; fileRef = FC61265D2BA83BBF00C49D53 /* BindingChild.swift */; };
		FC6126602BA840FA00C49D53 /* ConditionalBasic.swift in Sources */ = {isa = PBXBuildFile; fileRef = FC61265F2BA840FA00C49D53 /* ConditionalBasic.swift */; };
		FC6126622BA8440100C49D53 /* TernaryBasic.swift in Sources */ = {isa = PBXBuildFile; fileRef = FC6126612BA8440100C49D53 /* TernaryBasic.swift */; };
		FC6126642BA84A9200C49D53 /* AnimationBasic.swift in Sources */ = {isa = PBXBuildFile; fileRef = FC6126632BA84A9200C49D53 /* AnimationBasic.swift */; };
		FC6126672BA85AC700C49D53 /* TransitionBasic.swift in Sources */ = {isa = PBXBuildFile; fileRef = FC6126652BA853E000C49D53 /* TransitionBasic.swift */; };
		FC6126692BAB1ABA00C49D53 /* SheetBasic.swift in Sources */ = {isa = PBXBuildFile; fileRef = FC6126682BAB1ABA00C49D53 /* SheetBasic.swift */; };
		FC61266B2BAB1AD500C49D53 /* SheetBasic2.swift in Sources */ = {isa = PBXBuildFile; fileRef = FC61266A2BAB1AD500C49D53 /* SheetBasic2.swift */; };
		FC61266D2BAB23C900C49D53 /* NavigationBasic.swift in Sources */ = {isa = PBXBuildFile; fileRef = FC61266C2BAB23C900C49D53 /* NavigationBasic.swift */; };
		FC61266F2BAB249500C49D53 /* SecondNavigationView.swift in Sources */ = {isa = PBXBuildFile; fileRef = FC61266E2BAB249500C49D53 /* SecondNavigationView.swift */; };
		FC6126712BABED0C00C49D53 /* ListBasic.swift in Sources */ = {isa = PBXBuildFile; fileRef = FC6126702BABED0C00C49D53 /* ListBasic.swift */; };
		FC6126732BAC60A400C49D53 /* AlertBasic.swift in Sources */ = {isa = PBXBuildFile; fileRef = FC6126722BAC60A400C49D53 /* AlertBasic.swift */; };
		FC6126752BAC6AE800C49D53 /* ContextMenuBasic.swift in Sources */ = {isa = PBXBuildFile; fileRef = FC6126742BAC6AE800C49D53 /* ContextMenuBasic.swift */; };
		FC6126772BAC6D6000C49D53 /* ActionSheetBasic.swift in Sources */ = {isa = PBXBuildFile; fileRef = FC6126762BAC6D6000C49D53 /* ActionSheetBasic.swift */; };
		FC8E37862B9C5734001D430E /* ColorBasic.swift in Sources */ = {isa = PBXBuildFile; fileRef = FC8E37852B9C5734001D430E /* ColorBasic.swift */; };
		FCCB85582B97351F00BF37DE /* SwiftUIBasicApp.swift in Sources */ = {isa = PBXBuildFile; fileRef = FCCB85572B97351F00BF37DE /* SwiftUIBasicApp.swift */; };
		FCCB855A2B97351F00BF37DE /* ContentView.swift in Sources */ = {isa = PBXBuildFile; fileRef = FCCB85592B97351F00BF37DE /* ContentView.swift */; };
		FCCB855C2B97352100BF37DE /* Assets.xcassets in Resources */ = {isa = PBXBuildFile; fileRef = FCCB855B2B97352100BF37DE /* Assets.xcassets */; };
		FCCB85602B97352100BF37DE /* Preview Assets.xcassets in Resources */ = {isa = PBXBuildFile; fileRef = FCCB855F2B97352100BF37DE /* Preview Assets.xcassets */; };
		FCCB85672B9735FE00BF37DE /* TextBasic.swift in Sources */ = {isa = PBXBuildFile; fileRef = FCCB85662B9735FE00BF37DE /* TextBasic.swift */; };
		FCCB85692B97406400BF37DE /* ShapeBasic.swift in Sources */ = {isa = PBXBuildFile; fileRef = FCCB85682B97406400BF37DE /* ShapeBasic.swift */; };
/* End PBXBuildFile section */

/* Begin PBXFileReference section */
		FC0759F12B9C5BF2002E0128 /* GradientBasic.swift */ = {isa = PBXFileReference; lastKnownFileType = sourcecode.swift; path = GradientBasic.swift; sourceTree = "<group>"; };
		FC0759F32B9C5F21002E0128 /* IconBasic.swift */ = {isa = PBXFileReference; lastKnownFileType = sourcecode.swift; path = IconBasic.swift; sourceTree = "<group>"; };
		FC0759F52B9C6099002E0128 /* ImageBasic.swift */ = {isa = PBXFileReference; lastKnownFileType = sourcecode.swift; path = ImageBasic.swift; sourceTree = "<group>"; };
		FC0759F72B9C619C002E0128 /* FrameBasic.swift */ = {isa = PBXFileReference; lastKnownFileType = sourcecode.swift; path = FrameBasic.swift; sourceTree = "<group>"; };
		FC0759F92B9C65FF002E0128 /* BackgroundOverlayBasic.swift */ = {isa = PBXFileReference; lastKnownFileType = sourcecode.swift; path = BackgroundOverlayBasic.swift; sourceTree = "<group>"; };
		FC0759FB2B9C8CD7002E0128 /* StackBasic.swift */ = {isa = PBXFileReference; lastKnownFileType = sourcecode.swift; path = StackBasic.swift; sourceTree = "<group>"; };
		FC0759FD2B9C9874002E0128 /* PaddingBasic.swift */ = {isa = PBXFileReference; lastKnownFileType = sourcecode.swift; path = PaddingBasic.swift; sourceTree = "<group>"; };
		FC0759FF2B9CBD7E002E0128 /* SpacerBasic.swift */ = {isa = PBXFileReference; lastKnownFileType = sourcecode.swift; path = SpacerBasic.swift; sourceTree = "<group>"; };
		FC075A012B9CBFC1002E0128 /* ScrollViewBasic.swift */ = {isa = PBXFileReference; lastKnownFileType = sourcecode.swift; path = ScrollViewBasic.swift; sourceTree = "<group>"; };
		FC075A032B9CC4E0002E0128 /* InitEnumBasic.swift */ = {isa = PBXFileReference; lastKnownFileType = sourcecode.swift; path = InitEnumBasic.swift; sourceTree = "<group>"; };
		FC075A052B9CC6EA002E0128 /* ForEachLoopBasic.swift */ = {isa = PBXFileReference; lastKnownFileType = sourcecode.swift; path = ForEachLoopBasic.swift; sourceTree = "<group>"; };
		FC075A072B9CC85B002E0128 /* LazyGridBasic.swift */ = {isa = PBXFileReference; lastKnownFileType = sourcecode.swift; path = LazyGridBasic.swift; sourceTree = "<group>"; };
		FC075A092B9CD0E1002E0128 /* IgnoreSafeAreaBasic.swift */ = {isa = PBXFileReference; lastKnownFileType = sourcecode.swift; path = IgnoreSafeAreaBasic.swift; sourceTree = "<group>"; };
		FC075A0B2B9CD2A1002E0128 /* ButtonBasic.swift */ = {isa = PBXFileReference; lastKnownFileType = sourcecode.swift; path = ButtonBasic.swift; sourceTree = "<group>"; };
		FC6126522BA8361B00C49D53 /* StateBasic.swift */ = {isa = PBXFileReference; lastKnownFileType = sourcecode.swift; path = StateBasic.swift; sourceTree = "<group>"; };
		FC6126542BA8363700C49D53 /* ExtractViewBasic.swift */ = {isa = PBXFileReference; lastKnownFileType = sourcecode.swift; path = ExtractViewBasic.swift; sourceTree = "<group>"; };
		FC6126562BA8367200C49D53 /* ExtractSubViewBasic.swift */ = {isa = PBXFileReference; lastKnownFileType = sourcecode.swift; path = ExtractSubViewBasic.swift; sourceTree = "<group>"; };
		FC6126592BA8369C00C49D53 /* ItemBasic.swift */ = {isa = PBXFileReference; lastKnownFileType = sourcecode.swift; path = ItemBasic.swift; sourceTree = "<group>"; };
		FC61265B2BA83AEA00C49D53 /* BindingBasic.swift */ = {isa = PBXFileReference; lastKnownFileType = sourcecode.swift; path = BindingBasic.swift; sourceTree = "<group>"; };
		FC61265D2BA83BBF00C49D53 /* BindingChild.swift */ = {isa = PBXFileReference; lastKnownFileType = sourcecode.swift; path = BindingChild.swift; sourceTree = "<group>"; };
		FC61265F2BA840FA00C49D53 /* ConditionalBasic.swift */ = {isa = PBXFileReference; lastKnownFileType = sourcecode.swift; path = ConditionalBasic.swift; sourceTree = "<group>"; };
		FC6126612BA8440100C49D53 /* TernaryBasic.swift */ = {isa = PBXFileReference; lastKnownFileType = sourcecode.swift; path = TernaryBasic.swift; sourceTree = "<group>"; };
		FC6126632BA84A9200C49D53 /* AnimationBasic.swift */ = {isa = PBXFileReference; lastKnownFileType = sourcecode.swift; path = AnimationBasic.swift; sourceTree = "<group>"; };
		FC6126652BA853E000C49D53 /* TransitionBasic.swift */ = {isa = PBXFileReference; lastKnownFileType = sourcecode.swift; path = TransitionBasic.swift; sourceTree = "<group>"; };
		FC6126682BAB1ABA00C49D53 /* SheetBasic.swift */ = {isa = PBXFileReference; lastKnownFileType = sourcecode.swift; path = SheetBasic.swift; sourceTree = "<group>"; };
		FC61266A2BAB1AD500C49D53 /* SheetBasic2.swift */ = {isa = PBXFileReference; lastKnownFileType = sourcecode.swift; path = SheetBasic2.swift; sourceTree = "<group>"; };
		FC61266C2BAB23C900C49D53 /* NavigationBasic.swift */ = {isa = PBXFileReference; lastKnownFileType = sourcecode.swift; path = NavigationBasic.swift; sourceTree = "<group>"; };
		FC61266E2BAB249500C49D53 /* SecondNavigationView.swift */ = {isa = PBXFileReference; lastKnownFileType = sourcecode.swift; path = SecondNavigationView.swift; sourceTree = "<group>"; };
		FC6126702BABED0C00C49D53 /* ListBasic.swift */ = {isa = PBXFileReference; lastKnownFileType = sourcecode.swift; path = ListBasic.swift; sourceTree = "<group>"; };
		FC6126722BAC60A400C49D53 /* AlertBasic.swift */ = {isa = PBXFileReference; lastKnownFileType = sourcecode.swift; path = AlertBasic.swift; sourceTree = "<group>"; };
		FC6126742BAC6AE800C49D53 /* ContextMenuBasic.swift */ = {isa = PBXFileReference; lastKnownFileType = sourcecode.swift; path = ContextMenuBasic.swift; sourceTree = "<group>"; };
		FC6126762BAC6D6000C49D53 /* ActionSheetBasic.swift */ = {isa = PBXFileReference; lastKnownFileType = sourcecode.swift; path = ActionSheetBasic.swift; sourceTree = "<group>"; };
		FC8E37852B9C5734001D430E /* ColorBasic.swift */ = {isa = PBXFileReference; lastKnownFileType = sourcecode.swift; path = ColorBasic.swift; sourceTree = "<group>"; };
		FCCB85542B97351F00BF37DE /* SwiftUIBasic.app */ = {isa = PBXFileReference; explicitFileType = wrapper.application; includeInIndex = 0; path = SwiftUIBasic.app; sourceTree = BUILT_PRODUCTS_DIR; };
		FCCB85572B97351F00BF37DE /* SwiftUIBasicApp.swift */ = {isa = PBXFileReference; lastKnownFileType = sourcecode.swift; path = SwiftUIBasicApp.swift; sourceTree = "<group>"; };
		FCCB85592B97351F00BF37DE /* ContentView.swift */ = {isa = PBXFileReference; lastKnownFileType = sourcecode.swift; path = ContentView.swift; sourceTree = "<group>"; };
		FCCB855B2B97352100BF37DE /* Assets.xcassets */ = {isa = PBXFileReference; lastKnownFileType = folder.assetcatalog; path = Assets.xcassets; sourceTree = "<group>"; };
		FCCB855D2B97352100BF37DE /* SwiftUIBasic.entitlements */ = {isa = PBXFileReference; lastKnownFileType = text.plist.entitlements; path = SwiftUIBasic.entitlements; sourceTree = "<group>"; };
		FCCB855F2B97352100BF37DE /* Preview Assets.xcassets */ = {isa = PBXFileReference; lastKnownFileType = folder.assetcatalog; path = "Preview Assets.xcassets"; sourceTree = "<group>"; };
		FCCB85662B9735FE00BF37DE /* TextBasic.swift */ = {isa = PBXFileReference; lastKnownFileType = sourcecode.swift; path = TextBasic.swift; sourceTree = "<group>"; };
		FCCB85682B97406400BF37DE /* ShapeBasic.swift */ = {isa = PBXFileReference; lastKnownFileType = sourcecode.swift; path = ShapeBasic.swift; sourceTree = "<group>"; };
/* End PBXFileReference section */

/* Begin PBXFrameworksBuildPhase section */
		FCCB85512B97351F00BF37DE /* Frameworks */ = {
			isa = PBXFrameworksBuildPhase;
			buildActionMask = 2147483647;
			files = (
			);
			runOnlyForDeploymentPostprocessing = 0;
		};
/* End PBXFrameworksBuildPhase section */

/* Begin PBXGroup section */
		FC6126582BA8368300C49D53 /* Component */ = {
			isa = PBXGroup;
			children = (
				FC6126592BA8369C00C49D53 /* ItemBasic.swift */,
				FC61265D2BA83BBF00C49D53 /* BindingChild.swift */,
			);
			path = Component;
			sourceTree = "<group>";
		};
		FCCB854B2B97351F00BF37DE = {
			isa = PBXGroup;
			children = (
				FCCB85562B97351F00BF37DE /* SwiftUIBasic */,
				FCCB85552B97351F00BF37DE /* Products */,
			);
			sourceTree = "<group>";
		};
		FCCB85552B97351F00BF37DE /* Products */ = {
			isa = PBXGroup;
			children = (
				FCCB85542B97351F00BF37DE /* SwiftUIBasic.app */,
			);
			name = Products;
			sourceTree = "<group>";
		};
		FCCB85562B97351F00BF37DE /* SwiftUIBasic */ = {
			isa = PBXGroup;
			children = (
				FCCB85572B97351F00BF37DE /* SwiftUIBasicApp.swift */,
				FC0759FB2B9C8CD7002E0128 /* StackBasic.swift */,
				FC6126542BA8363700C49D53 /* ExtractViewBasic.swift */,
				FC61265B2BA83AEA00C49D53 /* BindingBasic.swift */,
				FC61265F2BA840FA00C49D53 /* ConditionalBasic.swift */,
				FC6126612BA8440100C49D53 /* TernaryBasic.swift */,
				FC6126632BA84A9200C49D53 /* AnimationBasic.swift */,
				FC6126652BA853E000C49D53 /* TransitionBasic.swift */,
				FC6126682BAB1ABA00C49D53 /* SheetBasic.swift */,
				FC61266C2BAB23C900C49D53 /* NavigationBasic.swift */,
				FC61266E2BAB249500C49D53 /* SecondNavigationView.swift */,
				FC6126702BABED0C00C49D53 /* ListBasic.swift */,
				FC61266A2BAB1AD500C49D53 /* SheetBasic2.swift */,
				FC6126522BA8361B00C49D53 /* StateBasic.swift */,
				FC0759FD2B9C9874002E0128 /* PaddingBasic.swift */,
				FC6126722BAC60A400C49D53 /* AlertBasic.swift */,
				FC6126742BAC6AE800C49D53 /* ContextMenuBasic.swift */,
				FC6126762BAC6D6000C49D53 /* ActionSheetBasic.swift */,
				FC0759FF2B9CBD7E002E0128 /* SpacerBasic.swift */,
				FC075A012B9CBFC1002E0128 /* ScrollViewBasic.swift */,
				FC075A032B9CC4E0002E0128 /* InitEnumBasic.swift */,
				FC075A052B9CC6EA002E0128 /* ForEachLoopBasic.swift */,
				FC075A072B9CC85B002E0128 /* LazyGridBasic.swift */,
				FC075A092B9CD0E1002E0128 /* IgnoreSafeAreaBasic.swift */,
				FC075A0B2B9CD2A1002E0128 /* ButtonBasic.swift */,
				FC0759F32B9C5F21002E0128 /* IconBasic.swift */,
				FC0759F52B9C6099002E0128 /* ImageBasic.swift */,
				FC0759F72B9C619C002E0128 /* FrameBasic.swift */,
				FC0759F92B9C65FF002E0128 /* BackgroundOverlayBasic.swift */,
				FC0759F12B9C5BF2002E0128 /* GradientBasic.swift */,
				FCCB85592B97351F00BF37DE /* ContentView.swift */,
				FCCB85682B97406400BF37DE /* ShapeBasic.swift */,
				FCCB85662B9735FE00BF37DE /* TextBasic.swift */,
				FC6126562BA8367200C49D53 /* ExtractSubViewBasic.swift */,
				FC6126582BA8368300C49D53 /* Component */,
				FC8E37852B9C5734001D430E /* ColorBasic.swift */,
				FCCB855B2B97352100BF37DE /* Assets.xcassets */,
				FCCB855D2B97352100BF37DE /* SwiftUIBasic.entitlements */,
				FCCB855E2B97352100BF37DE /* Preview Content */,
			);
			path = SwiftUIBasic;
			sourceTree = "<group>";
		};
		FCCB855E2B97352100BF37DE /* Preview Content */ = {
			isa = PBXGroup;
			children = (
				FCCB855F2B97352100BF37DE /* Preview Assets.xcassets */,
			);
			path = "Preview Content";
			sourceTree = "<group>";
		};
/* End PBXGroup section */

/* Begin PBXNativeTarget section */
		FCCB85532B97351F00BF37DE /* SwiftUIBasic */ = {
			isa = PBXNativeTarget;
			buildConfigurationList = FCCB85632B97352100BF37DE /* Build configuration list for PBXNativeTarget "SwiftUIBasic" */;
			buildPhases = (
				FCCB85502B97351F00BF37DE /* Sources */,
				FCCB85512B97351F00BF37DE /* Frameworks */,
				FCCB85522B97351F00BF37DE /* Resources */,
			);
			buildRules = (
			);
			dependencies = (
			);
			name = SwiftUIBasic;
			productName = SwiftUIBasic;
			productReference = FCCB85542B97351F00BF37DE /* SwiftUIBasic.app */;
			productType = "com.apple.product-type.application";
		};
/* End PBXNativeTarget section */

/* Begin PBXProject section */
		FCCB854C2B97351F00BF37DE /* Project object */ = {
			isa = PBXProject;
			attributes = {
				BuildIndependentTargetsInParallel = 1;
				LastSwiftUpdateCheck = 1520;
				LastUpgradeCheck = 1530;
				TargetAttributes = {
					FCCB85532B97351F00BF37DE = {
						CreatedOnToolsVersion = 15.2;
					};
				};
			};
			buildConfigurationList = FCCB854F2B97351F00BF37DE /* Build configuration list for PBXProject "SwiftUIBasic" */;
			compatibilityVersion = "Xcode 14.0";
			developmentRegion = en;
			hasScannedForEncodings = 0;
			knownRegions = (
				en,
				Base,
			);
			mainGroup = FCCB854B2B97351F00BF37DE;
			productRefGroup = FCCB85552B97351F00BF37DE /* Products */;
			projectDirPath = "";
			projectRoot = "";
			targets = (
				FCCB85532B97351F00BF37DE /* SwiftUIBasic */,
			);
		};
/* End PBXProject section */

/* Begin PBXResourcesBuildPhase section */
		FCCB85522B97351F00BF37DE /* Resources */ = {
			isa = PBXResourcesBuildPhase;
			buildActionMask = 2147483647;
			files = (
				FCCB85602B97352100BF37DE /* Preview Assets.xcassets in Resources */,
				FCCB855C2B97352100BF37DE /* Assets.xcassets in Resources */,
			);
			runOnlyForDeploymentPostprocessing = 0;
		};
/* End PBXResourcesBuildPhase section */

/* Begin PBXSourcesBuildPhase section */
		FCCB85502B97351F00BF37DE /* Sources */ = {
			isa = PBXSourcesBuildPhase;
			buildActionMask = 2147483647;
			files = (
				FC075A042B9CC4E0002E0128 /* InitEnumBasic.swift in Sources */,
				FC0759F62B9C6099002E0128 /* ImageBasic.swift in Sources */,
				FC61266D2BAB23C900C49D53 /* NavigationBasic.swift in Sources */,
				FC61265C2BA83AEA00C49D53 /* BindingBasic.swift in Sources */,
				FC6126572BA8367200C49D53 /* ExtractSubViewBasic.swift in Sources */,
				FC61265A2BA8369C00C49D53 /* ItemBasic.swift in Sources */,
				FC0759F22B9C5BF2002E0128 /* GradientBasic.swift in Sources */,
				FC6126692BAB1ABA00C49D53 /* SheetBasic.swift in Sources */,
				FC6126672BA85AC700C49D53 /* TransitionBasic.swift in Sources */,
				FC075A082B9CC85B002E0128 /* LazyGridBasic.swift in Sources */,
				FC61265E2BA83BBF00C49D53 /* BindingChild.swift in Sources */,
				FC0759F42B9C5F21002E0128 /* IconBasic.swift in Sources */,
				FC6126772BAC6D6000C49D53 /* ActionSheetBasic.swift in Sources */,
				FC6126712BABED0C00C49D53 /* ListBasic.swift in Sources */,
				FC61266F2BAB249500C49D53 /* SecondNavigationView.swift in Sources */,
				FC0759FA2B9C65FF002E0128 /* BackgroundOverlayBasic.swift in Sources */,
				FC075A0C2B9CD2A1002E0128 /* ButtonBasic.swift in Sources */,
				FC075A062B9CC6EA002E0128 /* ForEachLoopBasic.swift in Sources */,
				FC6126732BAC60A400C49D53 /* AlertBasic.swift in Sources */,
				FCCB85672B9735FE00BF37DE /* TextBasic.swift in Sources */,
				FCCB855A2B97351F00BF37DE /* ContentView.swift in Sources */,
				FC61266B2BAB1AD500C49D53 /* SheetBasic2.swift in Sources */,
				FC6126752BAC6AE800C49D53 /* ContextMenuBasic.swift in Sources */,
				FCCB85692B97406400BF37DE /* ShapeBasic.swift in Sources */,
				FC6126622BA8440100C49D53 /* TernaryBasic.swift in Sources */,
				FC075A0A2B9CD0E1002E0128 /* IgnoreSafeAreaBasic.swift in Sources */,
				FC6126642BA84A9200C49D53 /* AnimationBasic.swift in Sources */,
				FC8E37862B9C5734001D430E /* ColorBasic.swift in Sources */,
				FCCB85582B97351F00BF37DE /* SwiftUIBasicApp.swift in Sources */,
				FC6126552BA8363700C49D53 /* ExtractViewBasic.swift in Sources */,
				FC075A002B9CBD7E002E0128 /* SpacerBasic.swift in Sources */,
				FC075A022B9CBFC1002E0128 /* ScrollViewBasic.swift in Sources */,
				FC0759F82B9C619C002E0128 /* FrameBasic.swift in Sources */,
				FC0759FE2B9C9874002E0128 /* PaddingBasic.swift in Sources */,
				FC6126602BA840FA00C49D53 /* ConditionalBasic.swift in Sources */,
				FC6126532BA8361B00C49D53 /* StateBasic.swift in Sources */,
				FC0759FC2B9C8CD7002E0128 /* StackBasic.swift in Sources */,
			);
			runOnlyForDeploymentPostprocessing = 0;
		};
/* End PBXSourcesBuildPhase section */

/* Begin XCBuildConfiguration section */
		FCCB85612B97352100BF37DE /* Debug */ = {
			isa = XCBuildConfiguration;
			buildSettings = {
				ALWAYS_SEARCH_USER_PATHS = NO;
				ASSETCATALOG_COMPILER_GENERATE_SWIFT_ASSET_SYMBOL_EXTENSIONS = YES;
				CLANG_ANALYZER_NONNULL = YES;
				CLANG_ANALYZER_NUMBER_OBJECT_CONVERSION = YES_AGGRESSIVE;
				CLANG_CXX_LANGUAGE_STANDARD = "gnu++20";
				CLANG_ENABLE_MODULES = YES;
				CLANG_ENABLE_OBJC_ARC = YES;
				CLANG_ENABLE_OBJC_WEAK = YES;
				CLANG_WARN_BLOCK_CAPTURE_AUTORELEASING = YES;
				CLANG_WARN_BOOL_CONVERSION = YES;
				CLANG_WARN_COMMA = YES;
				CLANG_WARN_CONSTANT_CONVERSION = YES;
				CLANG_WARN_DEPRECATED_OBJC_IMPLEMENTATIONS = YES;
				CLANG_WARN_DIRECT_OBJC_ISA_USAGE = YES_ERROR;
				CLANG_WARN_DOCUMENTATION_COMMENTS = YES;
				CLANG_WARN_EMPTY_BODY = YES;
				CLANG_WARN_ENUM_CONVERSION = YES;
				CLANG_WARN_INFINITE_RECURSION = YES;
				CLANG_WARN_INT_CONVERSION = YES;
				CLANG_WARN_NON_LITERAL_NULL_CONVERSION = YES;
				CLANG_WARN_OBJC_IMPLICIT_RETAIN_SELF = YES;
				CLANG_WARN_OBJC_LITERAL_CONVERSION = YES;
				CLANG_WARN_OBJC_ROOT_CLASS = YES_ERROR;
				CLANG_WARN_QUOTED_INCLUDE_IN_FRAMEWORK_HEADER = YES;
				CLANG_WARN_RANGE_LOOP_ANALYSIS = YES;
				CLANG_WARN_STRICT_PROTOTYPES = YES;
				CLANG_WARN_SUSPICIOUS_MOVE = YES;
				CLANG_WARN_UNGUARDED_AVAILABILITY = YES_AGGRESSIVE;
				CLANG_WARN_UNREACHABLE_CODE = YES;
				CLANG_WARN__DUPLICATE_METHOD_MATCH = YES;
				COPY_PHASE_STRIP = NO;
				DEAD_CODE_STRIPPING = YES;
				DEBUG_INFORMATION_FORMAT = dwarf;
				ENABLE_STRICT_OBJC_MSGSEND = YES;
				ENABLE_TESTABILITY = YES;
				ENABLE_USER_SCRIPT_SANDBOXING = YES;
				GCC_C_LANGUAGE_STANDARD = gnu17;
				GCC_DYNAMIC_NO_PIC = NO;
				GCC_NO_COMMON_BLOCKS = YES;
				GCC_OPTIMIZATION_LEVEL = 0;
				GCC_PREPROCESSOR_DEFINITIONS = (
					"DEBUG=1",
					"$(inherited)",
				);
				GCC_WARN_64_TO_32_BIT_CONVERSION = YES;
				GCC_WARN_ABOUT_RETURN_TYPE = YES_ERROR;
				GCC_WARN_UNDECLARED_SELECTOR = YES;
				GCC_WARN_UNINITIALIZED_AUTOS = YES_AGGRESSIVE;
				GCC_WARN_UNUSED_FUNCTION = YES;
				GCC_WARN_UNUSED_VARIABLE = YES;
				LOCALIZATION_PREFERS_STRING_CATALOGS = YES;
				MTL_ENABLE_DEBUG_INFO = INCLUDE_SOURCE;
				MTL_FAST_MATH = YES;
				ONLY_ACTIVE_ARCH = YES;
				SWIFT_ACTIVE_COMPILATION_CONDITIONS = "DEBUG $(inherited)";
				SWIFT_OPTIMIZATION_LEVEL = "-Onone";
			};
			name = Debug;
		};
		FCCB85622B97352100BF37DE /* Release */ = {
			isa = XCBuildConfiguration;
			buildSettings = {
				ALWAYS_SEARCH_USER_PATHS = NO;
				ASSETCATALOG_COMPILER_GENERATE_SWIFT_ASSET_SYMBOL_EXTENSIONS = YES;
				CLANG_ANALYZER_NONNULL = YES;
				CLANG_ANALYZER_NUMBER_OBJECT_CONVERSION = YES_AGGRESSIVE;
				CLANG_CXX_LANGUAGE_STANDARD = "gnu++20";
				CLANG_ENABLE_MODULES = YES;
				CLANG_ENABLE_OBJC_ARC = YES;
				CLANG_ENABLE_OBJC_WEAK = YES;
				CLANG_WARN_BLOCK_CAPTURE_AUTORELEASING = YES;
				CLANG_WARN_BOOL_CONVERSION = YES;
				CLANG_WARN_COMMA = YES;
				CLANG_WARN_CONSTANT_CONVERSION = YES;
				CLANG_WARN_DEPRECATED_OBJC_IMPLEMENTATIONS = YES;
				CLANG_WARN_DIRECT_OBJC_ISA_USAGE = YES_ERROR;
				CLANG_WARN_DOCUMENTATION_COMMENTS = YES;
				CLANG_WARN_EMPTY_BODY = YES;
				CLANG_WARN_ENUM_CONVERSION = YES;
				CLANG_WARN_INFINITE_RECURSION = YES;
				CLANG_WARN_INT_CONVERSION = YES;
				CLANG_WARN_NON_LITERAL_NULL_CONVERSION = YES;
				CLANG_WARN_OBJC_IMPLICIT_RETAIN_SELF = YES;
				CLANG_WARN_OBJC_LITERAL_CONVERSION = YES;
				CLANG_WARN_OBJC_ROOT_CLASS = YES_ERROR;
				CLANG_WARN_QUOTED_INCLUDE_IN_FRAMEWORK_HEADER = YES;
				CLANG_WARN_RANGE_LOOP_ANALYSIS = YES;
				CLANG_WARN_STRICT_PROTOTYPES = YES;
				CLANG_WARN_SUSPICIOUS_MOVE = YES;
				CLANG_WARN_UNGUARDED_AVAILABILITY = YES_AGGRESSIVE;
				CLANG_WARN_UNREACHABLE_CODE = YES;
				CLANG_WARN__DUPLICATE_METHOD_MATCH = YES;
				COPY_PHASE_STRIP = NO;
				DEAD_CODE_STRIPPING = YES;
				DEBUG_INFORMATION_FORMAT = "dwarf-with-dsym";
				ENABLE_NS_ASSERTIONS = NO;
				ENABLE_STRICT_OBJC_MSGSEND = YES;
				ENABLE_USER_SCRIPT_SANDBOXING = YES;
				GCC_C_LANGUAGE_STANDARD = gnu17;
				GCC_NO_COMMON_BLOCKS = YES;
				GCC_WARN_64_TO_32_BIT_CONVERSION = YES;
				GCC_WARN_ABOUT_RETURN_TYPE = YES_ERROR;
				GCC_WARN_UNDECLARED_SELECTOR = YES;
				GCC_WARN_UNINITIALIZED_AUTOS = YES_AGGRESSIVE;
				GCC_WARN_UNUSED_FUNCTION = YES;
				GCC_WARN_UNUSED_VARIABLE = YES;
				LOCALIZATION_PREFERS_STRING_CATALOGS = YES;
				MTL_ENABLE_DEBUG_INFO = NO;
				MTL_FAST_MATH = YES;
				SWIFT_COMPILATION_MODE = wholemodule;
			};
			name = Release;
		};
		FCCB85642B97352100BF37DE /* Debug */ = {
			isa = XCBuildConfiguration;
			buildSettings = {
				ASSETCATALOG_COMPILER_APPICON_NAME = AppIcon;
				ASSETCATALOG_COMPILER_GLOBAL_ACCENT_COLOR_NAME = AccentColor;
				CODE_SIGN_ENTITLEMENTS = SwiftUIBasic/SwiftUIBasic.entitlements;
				CODE_SIGN_STYLE = Automatic;
				CURRENT_PROJECT_VERSION = 1;
				DEAD_CODE_STRIPPING = YES;
				DEVELOPMENT_ASSET_PATHS = "\"SwiftUIBasic/Preview Content\"";
				DEVELOPMENT_TEAM = 938D79P4R6;
				ENABLE_HARDENED_RUNTIME = YES;
				ENABLE_PREVIEWS = YES;
				"EXCLUDED_ARCHS[sdk=iphonesimulator*]" = arm64;
				GENERATE_INFOPLIST_FILE = YES;
				"INFOPLIST_KEY_UIApplicationSceneManifest_Generation[sdk=iphoneos*]" = YES;
				"INFOPLIST_KEY_UIApplicationSceneManifest_Generation[sdk=iphonesimulator*]" = YES;
				"INFOPLIST_KEY_UIApplicationSupportsIndirectInputEvents[sdk=iphoneos*]" = YES;
				"INFOPLIST_KEY_UIApplicationSupportsIndirectInputEvents[sdk=iphonesimulator*]" = YES;
				"INFOPLIST_KEY_UILaunchScreen_Generation[sdk=iphoneos*]" = YES;
				"INFOPLIST_KEY_UILaunchScreen_Generation[sdk=iphonesimulator*]" = YES;
				"INFOPLIST_KEY_UIStatusBarStyle[sdk=iphoneos*]" = UIStatusBarStyleDefault;
				"INFOPLIST_KEY_UIStatusBarStyle[sdk=iphonesimulator*]" = UIStatusBarStyleDefault;
				INFOPLIST_KEY_UISupportedInterfaceOrientations_iPad = "UIInterfaceOrientationPortrait UIInterfaceOrientationPortraitUpsideDown UIInterfaceOrientationLandscapeLeft UIInterfaceOrientationLandscapeRight";
				INFOPLIST_KEY_UISupportedInterfaceOrientations_iPhone = "UIInterfaceOrientationPortrait UIInterfaceOrientationLandscapeLeft UIInterfaceOrientationLandscapeRight";
				IPHONEOS_DEPLOYMENT_TARGET = 17.2;
				LD_RUNPATH_SEARCH_PATHS = "@executable_path/Frameworks";
				"LD_RUNPATH_SEARCH_PATHS[sdk=macosx*]" = "@executable_path/../Frameworks";
				MACOSX_DEPLOYMENT_TARGET = 14.1;
				MARKETING_VERSION = 1.0;
				PRODUCT_BUNDLE_IDENTIFIER = "-------.SwiftUIBasic";
				PRODUCT_NAME = "$(TARGET_NAME)";
				SDKROOT = auto;
				SUPPORTED_PLATFORMS = "iphoneos iphonesimulator macosx";
				SWIFT_EMIT_LOC_STRINGS = YES;
				SWIFT_VERSION = 5.0;
				TARGETED_DEVICE_FAMILY = "1,2";
			};
			name = Debug;
		};
		FCCB85652B97352100BF37DE /* Release */ = {
			isa = XCBuildConfiguration;
			buildSettings = {
				ASSETCATALOG_COMPILER_APPICON_NAME = AppIcon;
				ASSETCATALOG_COMPILER_GLOBAL_ACCENT_COLOR_NAME = AccentColor;
				CODE_SIGN_ENTITLEMENTS = SwiftUIBasic/SwiftUIBasic.entitlements;
				CODE_SIGN_STYLE = Automatic;
				CURRENT_PROJECT_VERSION = 1;
				DEAD_CODE_STRIPPING = YES;
				DEVELOPMENT_ASSET_PATHS = "\"SwiftUIBasic/Preview Content\"";
				DEVELOPMENT_TEAM = 938D79P4R6;
				ENABLE_HARDENED_RUNTIME = YES;
				ENABLE_PREVIEWS = YES;
				GENERATE_INFOPLIST_FILE = YES;
				"INFOPLIST_KEY_UIApplicationSceneManifest_Generation[sdk=iphoneos*]" = YES;
				"INFOPLIST_KEY_UIApplicationSceneManifest_Generation[sdk=iphonesimulator*]" = YES;
				"INFOPLIST_KEY_UIApplicationSupportsIndirectInputEvents[sdk=iphoneos*]" = YES;
				"INFOPLIST_KEY_UIApplicationSupportsIndirectInputEvents[sdk=iphonesimulator*]" = YES;
				"INFOPLIST_KEY_UILaunchScreen_Generation[sdk=iphoneos*]" = YES;
				"INFOPLIST_KEY_UILaunchScreen_Generation[sdk=iphonesimulator*]" = YES;
				"INFOPLIST_KEY_UIStatusBarStyle[sdk=iphoneos*]" = UIStatusBarStyleDefault;
				"INFOPLIST_KEY_UIStatusBarStyle[sdk=iphonesimulator*]" = UIStatusBarStyleDefault;
				INFOPLIST_KEY_UISupportedInterfaceOrientations_iPad = "UIInterfaceOrientationPortrait UIInterfaceOrientationPortraitUpsideDown UIInterfaceOrientationLandscapeLeft UIInterfaceOrientationLandscapeRight";
				INFOPLIST_KEY_UISupportedInterfaceOrientations_iPhone = "UIInterfaceOrientationPortrait UIInterfaceOrientationLandscapeLeft UIInterfaceOrientationLandscapeRight";
				IPHONEOS_DEPLOYMENT_TARGET = 17.2;
				LD_RUNPATH_SEARCH_PATHS = "@executable_path/Frameworks";
				"LD_RUNPATH_SEARCH_PATHS[sdk=macosx*]" = "@executable_path/../Frameworks";
				MACOSX_DEPLOYMENT_TARGET = 14.1;
				MARKETING_VERSION = 1.0;
				PRODUCT_BUNDLE_IDENTIFIER = "-------.SwiftUIBasic";
				PRODUCT_NAME = "$(TARGET_NAME)";
				SDKROOT = auto;
				SUPPORTED_PLATFORMS = "iphoneos iphonesimulator macosx";
				SWIFT_EMIT_LOC_STRINGS = YES;
				SWIFT_VERSION = 5.0;
				TARGETED_DEVICE_FAMILY = "1,2";
			};
			name = Release;
		};
/* End XCBuildConfiguration section */

/* Begin XCConfigurationList section */
		FCCB854F2B97351F00BF37DE /* Build configuration list for PBXProject "SwiftUIBasic" */ = {
			isa = XCConfigurationList;
			buildConfigurations = (
				FCCB85612B97352100BF37DE /* Debug */,
				FCCB85622B97352100BF37DE /* Release */,
			);
			defaultConfigurationIsVisible = 0;
			defaultConfigurationName = Release;
		};
		FCCB85632B97352100BF37DE /* Build configuration list for PBXNativeTarget "SwiftUIBasic" */ = {
			isa = XCConfigurationList;
			buildConfigurations = (
				FCCB85642B97352100BF37DE /* Debug */,
				FCCB85652B97352100BF37DE /* Release */,
			);
			defaultConfigurationIsVisible = 0;
			defaultConfigurationName = Release;
		};
/* End XCConfigurationList section */
	};
	rootObject = FCCB854C2B97351F00BF37DE /* Project object */;
}
